// !$*UTF8*$!
{
	archiveVersion = 1;
	classes = {
	};
	objectVersion = 56;
	objects = {

/* Begin PBXBuildFile section */
		B7BD132C2A552C4B00738D24 /* AppDelegate.swift in Sources */ = {isa = PBXBuildFile; fileRef = B7BD132B2A552C4B00738D24 /* AppDelegate.swift */; };
		B7BD132E2A552C4B00738D24 /* SceneDelegate.swift in Sources */ = {isa = PBXBuildFile; fileRef = B7BD132D2A552C4B00738D24 /* SceneDelegate.swift */; };
		B7BD13302A552C4B00738D24 /* ViewController.swift in Sources */ = {isa = PBXBuildFile; fileRef = B7BD132F2A552C4B00738D24 /* ViewController.swift */; };
		B7BD13332A552C4B00738D24 /* Main.storyboard in Resources */ = {isa = PBXBuildFile; fileRef = B7BD13312A552C4B00738D24 /* Main.storyboard */; };
		B7BD13352A552C4D00738D24 /* Assets.xcassets in Resources */ = {isa = PBXBuildFile; fileRef = B7BD13342A552C4D00738D24 /* Assets.xcassets */; };
		B7BD13382A552C4D00738D24 /* LaunchScreen.storyboard in Resources */ = {isa = PBXBuildFile; fileRef = B7BD13362A552C4D00738D24 /* LaunchScreen.storyboard */; };
		B7BD13442A552CDD00738D24 /* FastTyping.jpg in Resources */ = {isa = PBXBuildFile; fileRef = B7BD13412A552CDC00738D24 /* FastTyping.jpg */; };
		B7BD13452A552CDD00738D24 /* FastTyping.mp4 in Resources */ = {isa = PBXBuildFile; fileRef = B7BD13422A552CDD00738D24 /* FastTyping.mp4 */; };
		B7BD13462A552CDD00738D24 /* Fireworks.jpg in Resources */ = {isa = PBXBuildFile; fileRef = B7BD13432A552CDD00738D24 /* Fireworks.jpg */; };
/* End PBXBuildFile section */

/* Begin PBXFileReference section */
		B7BD13282A552C4B00738D24 /* MoviePlayerTest.app */ = {isa = PBXFileReference; explicitFileType = wrapper.application; includeInIndex = 0; path = MoviePlayerTest.app; sourceTree = BUILT_PRODUCTS_DIR; };
		B7BD132B2A552C4B00738D24 /* AppDelegate.swift */ = {isa = PBXFileReference; lastKnownFileType = sourcecode.swift; path = AppDelegate.swift; sourceTree = "<group>"; };
		B7BD132D2A552C4B00738D24 /* SceneDelegate.swift */ = {isa = PBXFileReference; lastKnownFileType = sourcecode.swift; path = SceneDelegate.swift; sourceTree = "<group>"; };
		B7BD132F2A552C4B00738D24 /* ViewController.swift */ = {isa = PBXFileReference; lastKnownFileType = sourcecode.swift; path = ViewController.swift; sourceTree = "<group>"; };
		B7BD13322A552C4B00738D24 /* Base */ = {isa = PBXFileReference; lastKnownFileType = file.storyboard; name = Base; path = Base.lproj/Main.storyboard; sourceTree = "<group>"; };
		B7BD13342A552C4D00738D24 /* Assets.xcassets */ = {isa = PBXFileReference; lastKnownFileType = folder.assetcatalog; path = Assets.xcassets; sourceTree = "<group>"; };
		B7BD13372A552C4D00738D24 /* Base */ = {isa = PBXFileReference; lastKnownFileType = file.storyboard; name = Base; path = Base.lproj/LaunchScreen.storyboard; sourceTree = "<group>"; };
		B7BD13392A552C4D00738D24 /* Info.plist */ = {isa = PBXFileReference; lastKnownFileType = text.plist.xml; path = Info.plist; sourceTree = "<group>"; };
		B7BD13412A552CDC00738D24 /* FastTyping.jpg */ = {isa = PBXFileReference; lastKnownFileType = image.jpeg; path = FastTyping.jpg; sourceTree = "<group>"; };
		B7BD13422A552CDD00738D24 /* FastTyping.mp4 */ = {isa = PBXFileReference; lastKnownFileType = file; path = FastTyping.mp4; sourceTree = "<group>"; };
		B7BD13432A552CDD00738D24 /* Fireworks.jpg */ = {isa = PBXFileReference; lastKnownFileType = image.jpeg; path = Fireworks.jpg; sourceTree = "<group>"; };
/* End PBXFileReference section */

/* Begin PBXFrameworksBuildPhase section */
		B7BD13252A552C4B00738D24 /* Frameworks */ = {
			isa = PBXFrameworksBuildPhase;
			buildActionMask = 2147483647;
			files = (
			);
			runOnlyForDeploymentPostprocessing = 0;
		};
/* End PBXFrameworksBuildPhase section */

/* Begin PBXGroup section */
		B7BD131F2A552C4B00738D24 = {
			isa = PBXGroup;
			children = (
				B7BD132A2A552C4B00738D24 /* MoviePlayerTest */,
				B7BD13292A552C4B00738D24 /* Products */,
			);
			sourceTree = "<group>";
		};
		B7BD13292A552C4B00738D24 /* Products */ = {
			isa = PBXGroup;
			children = (
				B7BD13282A552C4B00738D24 /* MoviePlayerTest.app */,
			);
			name = Products;
			sourceTree = "<group>";
		};
		B7BD132A2A552C4B00738D24 /* MoviePlayerTest */ = {
			isa = PBXGroup;
			children = (
				B7BD13402A552CC900738D24 /* Resources */,
				B7BD132B2A552C4B00738D24 /* AppDelegate.swift */,
				B7BD132D2A552C4B00738D24 /* SceneDelegate.swift */,
				B7BD132F2A552C4B00738D24 /* ViewController.swift */,
				B7BD13312A552C4B00738D24 /* Main.storyboard */,
				B7BD13342A552C4D00738D24 /* Assets.xcassets */,
				B7BD13362A552C4D00738D24 /* LaunchScreen.storyboard */,
				B7BD13392A552C4D00738D24 /* Info.plist */,
			);
			path = MoviePlayerTest;
			sourceTree = "<group>";
		};
		B7BD13402A552CC900738D24 /* Resources */ = {
			isa = PBXGroup;
			children = (
				B7BD13412A552CDC00738D24 /* FastTyping.jpg */,
				B7BD13422A552CDD00738D24 /* FastTyping.mp4 */,
				B7BD13432A552CDD00738D24 /* Fireworks.jpg */,
			);
			path = Resources;
			sourceTree = "<group>";
		};
/* End PBXGroup section */

/* Begin PBXNativeTarget section */
		B7BD13272A552C4B00738D24 /* MoviePlayerTest */ = {
			isa = PBXNativeTarget;
			buildConfigurationList = B7BD133C2A552C4D00738D24 /* Build configuration list for PBXNativeTarget "MoviePlayerTest" */;
			buildPhases = (
				B7BD13242A552C4B00738D24 /* Sources */,
				B7BD13252A552C4B00738D24 /* Frameworks */,
				B7BD13262A552C4B00738D24 /* Resources */,
			);
			buildRules = (
			);
			dependencies = (
			);
			name = MoviePlayerTest;
			productName = MoviePlayerTest;
			productReference = B7BD13282A552C4B00738D24 /* MoviePlayerTest.app */;
			productType = "com.apple.product-type.application";
		};
/* End PBXNativeTarget section */

/* Begin PBXProject section */
		B7BD13202A552C4B00738D24 /* Project object */ = {
			isa = PBXProject;
			attributes = {
				BuildIndependentTargetsInParallel = 1;
				LastSwiftUpdateCheck = 1430;
				LastUpgradeCheck = 1430;
				TargetAttributes = {
					B7BD13272A552C4B00738D24 = {
						CreatedOnToolsVersion = 14.3.1;
					};
				};
			};
			buildConfigurationList = B7BD13232A552C4B00738D24 /* Build configuration list for PBXProject "MoviePlayerTest" */;
			compatibilityVersion = "Xcode 14.0";
			developmentRegion = en;
			hasScannedForEncodings = 0;
			knownRegions = (
				en,
				Base,
			);
			mainGroup = B7BD131F2A552C4B00738D24;
			productRefGroup = B7BD13292A552C4B00738D24 /* Products */;
			projectDirPath = "";
			projectRoot = "";
			targets = (
				B7BD13272A552C4B00738D24 /* MoviePlayerTest */,
			);
		};
/* End PBXProject section */

/* Begin PBXResourcesBuildPhase section */
		B7BD13262A552C4B00738D24 /* Resources */ = {
			isa = PBXResourcesBuildPhase;
			buildActionMask = 2147483647;
			files = (
				B7BD13382A552C4D00738D24 /* LaunchScreen.storyboard in Resources */,
				B7BD13352A552C4D00738D24 /* Assets.xcassets in Resources */,
				B7BD13452A552CDD00738D24 /* FastTyping.mp4 in Resources */,
				B7BD13442A552CDD00738D24 /* FastTyping.jpg in Resources */,
				B7BD13462A552CDD00738D24 /* Fireworks.jpg in Resources */,
				B7BD13332A552C4B00738D24 /* Main.storyboard in Resources */,
			);
			runOnlyForDeploymentPostprocessing = 0;
		};
/* End PBXResourcesBuildPhase section */

/* Begin PBXSourcesBuildPhase section */
		B7BD13242A552C4B00738D24 /* Sources */ = {
			isa = PBXSourcesBuildPhase;
			buildActionMask = 2147483647;
			files = (
				B7BD13302A552C4B00738D24 /* ViewController.swift in Sources */,
				B7BD132C2A552C4B00738D24 /* AppDelegate.swift in Sources */,
				B7BD132E2A552C4B00738D24 /* SceneDelegate.swift in Sources */,
			);
			runOnlyForDeploymentPostprocessing = 0;
		};
/* End PBXSourcesBuildPhase section */

/* Begin PBXVariantGroup section */
		B7BD13312A552C4B00738D24 /* Main.storyboard */ = {
			isa = PBXVariantGroup;
			children = (
				B7BD13322A552C4B00738D24 /* Base */,
			);
			name = Main.storyboard;
			sourceTree = "<group>";
		};
		B7BD13362A552C4D00738D24 /* LaunchScreen.storyboard */ = {
			isa = PBXVariantGroup;
			children = (
				B7BD13372A552C4D00738D24 /* Base */,
			);
			name = LaunchScreen.storyboard;
			sourceTree = "<group>";
		};
/* End PBXVariantGroup section */

/* Begin XCBuildConfiguration section */
		B7BD133A2A552C4D00738D24 /* Debug */ = {
			isa = XCBuildConfiguration;
			buildSettings = {
				ALWAYS_SEARCH_USER_PATHS = NO;
				CLANG_ANALYZER_NONNULL = YES;
				CLANG_ANALYZER_NUMBER_OBJECT_CONVERSION = YES_AGGRESSIVE;
				CLANG_CXX_LANGUAGE_STANDARD = "gnu++20";
				CLANG_ENABLE_MODULES = YES;
				CLANG_ENABLE_OBJC_ARC = YES;
				CLANG_ENABLE_OBJC_WEAK = YES;
				CLANG_WARN_BLOCK_CAPTURE_AUTORELEASING = YES;
				CLANG_WARN_BOOL_CONVERSION = YES;
				CLANG_WARN_COMMA = YES;
				CLANG_WARN_CONSTANT_CONVERSION = YES;
				CLANG_WARN_DEPRECATED_OBJC_IMPLEMENTATIONS = YES;
				CLANG_WARN_DIRECT_OBJC_ISA_USAGE = YES_ERROR;
				CLANG_WARN_DOCUMENTATION_COMMENTS = YES;
				CLANG_WARN_EMPTY_BODY = YES;
				CLANG_WARN_ENUM_CONVERSION = YES;
				CLANG_WARN_INFINITE_RECURSION = YES;
				CLANG_WARN_INT_CONVERSION = YES;
				CLANG_WARN_NON_LITERAL_NULL_CONVERSION = YES;
				CLANG_WARN_OBJC_IMPLICIT_RETAIN_SELF = YES;
				CLANG_WARN_OBJC_LITERAL_CONVERSION = YES;
				CLANG_WARN_OBJC_ROOT_CLASS = YES_ERROR;
				CLANG_WARN_QUOTED_INCLUDE_IN_FRAMEWORK_HEADER = YES;
				CLANG_WARN_RANGE_LOOP_ANALYSIS = YES;
				CLANG_WARN_STRICT_PROTOTYPES = YES;
				CLANG_WARN_SUSPICIOUS_MOVE = YES;
				CLANG_WARN_UNGUARDED_AVAILABILITY = YES_AGGRESSIVE;
				CLANG_WARN_UNREACHABLE_CODE = YES;
				CLANG_WARN__DUPLICATE_METHOD_MATCH = YES;
				COPY_PHASE_STRIP = NO;
				DEBUG_INFORMATION_FORMAT = dwarf;
				ENABLE_STRICT_OBJC_MSGSEND = YES;
				ENABLE_TESTABILITY = YES;
				GCC_C_LANGUAGE_STANDARD = gnu11;
				GCC_DYNAMIC_NO_PIC = NO;
				GCC_NO_COMMON_BLOCKS = YES;
				GCC_OPTIMIZATION_LEVEL = 0;
				GCC_PREPROCESSOR_DEFINITIONS = (
					"DEBUG=1",
					"$(inherited)",
				);
				GCC_WARN_64_TO_32_BIT_CONVERSION = YES;
				GCC_WARN_ABOUT_RETURN_TYPE = YES_ERROR;
				GCC_WARN_UNDECLARED_SELECTOR = YES;
				GCC_WARN_UNINITIALIZED_AUTOS = YES_AGGRESSIVE;
				GCC_WARN_UNUSED_FUNCTION = YES;
				GCC_WARN_UNUSED_VARIABLE = YES;
				IPHONEOS_DEPLOYMENT_TARGET = 16.4;
				MTL_ENABLE_DEBUG_INFO = INCLUDE_SOURCE;
				MTL_FAST_MATH = YES;
				ONLY_ACTIVE_ARCH = YES;
				SDKROOT = iphoneos;
				SWIFT_ACTIVE_COMPILATION_CONDITIONS = DEBUG;
				SWIFT_OPTIMIZATION_LEVEL = "-Onone";
			};
			name = Debug;
		};
		B7BD133B2A552C4D00738D24 /* Release */ = {
			isa = XCBuildConfiguration;
			buildSettings = {
				ALWAYS_SEARCH_USER_PATHS = NO;
				CLANG_ANALYZER_NONNULL = YES;
				CLANG_ANALYZER_NUMBER_OBJECT_CONVERSION = YES_AGGRESSIVE;
				CLANG_CXX_LANGUAGE_STANDARD = "gnu++20";
				CLANG_ENABLE_MODULES = YES;
				CLANG_ENABLE_OBJC_ARC = YES;
				CLANG_ENABLE_OBJC_WEAK = YES;
				CLANG_WARN_BLOCK_CAPTURE_AUTORELEASING = YES;
				CLANG_WARN_BOOL_CONVERSION = YES;
				CLANG_WARN_COMMA = YES;
				CLANG_WARN_CONSTANT_CONVERSION = YES;
				CLANG_WARN_DEPRECATED_OBJC_IMPLEMENTATIONS = YES;
				CLANG_WARN_DIRECT_OBJC_ISA_USAGE = YES_ERROR;
				CLANG_WARN_DOCUMENTATION_COMMENTS = YES;
				CLANG_WARN_EMPTY_BODY = YES;
				CLANG_WARN_ENUM_CONVERSION = YES;
				CLANG_WARN_INFINITE_RECURSION = YES;
				CLANG_WARN_INT_CONVERSION = YES;
				CLANG_WARN_NON_LITERAL_NULL_CONVERSION = YES;
				CLANG_WARN_OBJC_IMPLICIT_RETAIN_SELF = YES;
				CLANG_WARN_OBJC_LITERAL_CONVERSION = YES;
				CLANG_WARN_OBJC_ROOT_CLASS = YES_ERROR;
				CLANG_WARN_QUOTED_INCLUDE_IN_FRAMEWORK_HEADER = YES;
				CLANG_WARN_RANGE_LOOP_ANALYSIS = YES;
				CLANG_WARN_STRICT_PROTOTYPES = YES;
				CLANG_WARN_SUSPICIOUS_MOVE = YES;
				CLANG_WARN_UNGUARDED_AVAILABILITY = YES_AGGRESSIVE;
				CLANG_WARN_UNREACHABLE_CODE = YES;
				CLANG_WARN__DUPLICATE_METHOD_MATCH = YES;
				COPY_PHASE_STRIP = NO;
				DEBUG_INFORMATION_FORMAT = "dwarf-with-dsym";
				ENABLE_NS_ASSERTIONS = NO;
				ENABLE_STRICT_OBJC_MSGSEND = YES;
				GCC_C_LANGUAGE_STANDARD = gnu11;
				GCC_NO_COMMON_BLOCKS = YES;
				GCC_WARN_64_TO_32_BIT_CONVERSION = YES;
				GCC_WARN_ABOUT_RETURN_TYPE = YES_ERROR;
				GCC_WARN_UNDECLARED_SELECTOR = YES;
				GCC_WARN_UNINITIALIZED_AUTOS = YES_AGGRESSIVE;
				GCC_WARN_UNUSED_FUNCTION = YES;
				GCC_WARN_UNUSED_VARIABLE = YES;
				IPHONEOS_DEPLOYMENT_TARGET = 16.4;
				MTL_ENABLE_DEBUG_INFO = NO;
				MTL_FAST_MATH = YES;
				SDKROOT = iphoneos;
				SWIFT_COMPILATION_MODE = wholemodule;
				SWIFT_OPTIMIZATION_LEVEL = "-O";
				VALIDATE_PRODUCT = YES;
			};
			name = Release;
		};
		B7BD133D2A552C4D00738D24 /* Debug */ = {
			isa = XCBuildConfiguration;
			buildSettings = {
				ASSETCATALOG_COMPILER_APPICON_NAME = AppIcon;
				ASSETCATALOG_COMPILER_GLOBAL_ACCENT_COLOR_NAME = AccentColor;
				CODE_SIGN_STYLE = Automatic;
				CURRENT_PROJECT_VERSION = 1;
				GENERATE_INFOPLIST_FILE = YES;
				INFOPLIST_FILE = MoviePlayerTest/Info.plist;
				INFOPLIST_KEY_UIApplicationSupportsIndirectInputEvents = YES;
				INFOPLIST_KEY_UILaunchStoryboardName = LaunchScreen;
				INFOPLIST_KEY_UIMainStoryboardFile = Main;
				INFOPLIST_KEY_UISupportedInterfaceOrientations_iPad = "UIInterfaceOrientationPortrait UIInterfaceOrientationPortraitUpsideDown UIInterfaceOrientationLandscapeLeft UIInterfaceOrientationLandscapeRight";
				INFOPLIST_KEY_UISupportedInterfaceOrientations_iPhone = "UIInterfaceOrientationPortrait UIInterfaceOrientationLandscapeLeft UIInterfaceOrientationLandscapeRight";
				LD_RUNPATH_SEARCH_PATHS = (
					"$(inherited)",
					"@executable_path/Frameworks",
				);
				MARKETING_VERSION = 1.0;
				PRODUCT_BUNDLE_IDENTIFIER = ddwu.mobile.hano.MoviePlayerTest;
				PRODUCT_NAME = "$(TARGET_NAME)";
				SWIFT_EMIT_LOC_STRINGS = YES;
				SWIFT_VERSION = 5.0;
				TARGETED_DEVICE_FAMILY = "1,2";
			};
			name = Debug;
		};
		B7BD133E2A552C4D00738D24 /* Release */ = {
			isa = XCBuildConfiguration;
			buildSettings = {
				ASSETCATALOG_COMPILER_APPICON_NAME = AppIcon;
				ASSETCATALOG_COMPILER_GLOBAL_ACCENT_COLOR_NAME = AccentColor;
				CODE_SIGN_STYLE = Automatic;
				CURRENT_PROJECT_VERSION = 1;
				GENERATE_INFOPLIST_FILE = YES;
				INFOPLIST_FILE = MoviePlayerTest/Info.plist;
				INFOPLIST_KEY_UIApplicationSupportsIndirectInputEvents = YES;
				INFOPLIST_KEY_UILaunchStoryboardName = LaunchScreen;
				INFOPLIST_KEY_UIMainStoryboardFile = Main;
				INFOPLIST_KEY_UISupportedInterfaceOrientations_iPad = "UIInterfaceOrientationPortrait UIInterfaceOrientationPortraitUpsideDown UIInterfaceOrientationLandscapeLeft UIInterfaceOrientationLandscapeRight";
				INFOPLIST_KEY_UISupportedInterfaceOrientations_iPhone = "UIInterfaceOrientationPortrait UIInterfaceOrientationLandscapeLeft UIInterfaceOrientationLandscapeRight";
				LD_RUNPATH_SEARCH_PATHS = (
					"$(inherited)",
					"@executable_path/Frameworks",
				);
				MARKETING_VERSION = 1.0;
				PRODUCT_BUNDLE_IDENTIFIER = ddwu.mobile.hano.MoviePlayerTest;
				PRODUCT_NAME = "$(TARGET_NAME)";
				SWIFT_EMIT_LOC_STRINGS = YES;
				SWIFT_VERSION = 5.0;
				TARGETED_DEVICE_FAMILY = "1,2";
			};
			name = Release;
		};
/* End XCBuildConfiguration section */

/* Begin XCConfigurationList section */
		B7BD13232A552C4B00738D24 /* Build configuration list for PBXProject "MoviePlayerTest" */ = {
			isa = XCConfigurationList;
			buildConfigurations = (
				B7BD133A2A552C4D00738D24 /* Debug */,
				B7BD133B2A552C4D00738D24 /* Release */,
			);
			defaultConfigurationIsVisible = 0;
			defaultConfigurationName = Release;
		};
		B7BD133C2A552C4D00738D24 /* Build configuration list for PBXNativeTarget "MoviePlayerTest" */ = {
			isa = XCConfigurationList;
			buildConfigurations = (
				B7BD133D2A552C4D00738D24 /* Debug */,
				B7BD133E2A552C4D00738D24 /* Release */,
			);
			defaultConfigurationIsVisible = 0;
			defaultConfigurationName = Release;
		};
/* End XCConfigurationList section */
	};
	rootObject = B7BD13202A552C4B00738D24 /* Project object */;
}
